
Microsoft Visual Studio Solution File, Format Version 12.00
# Visual Studio Version 17
VisualStudioVersion = 17.13.35919.96 d17.13
MinimumVisualStudioVersion = 10.0.40219.1
Project("{FAE04EC0-301F-11D3-BF4B-00C04F79EFBC}") = "GeniEthSerialServer", "GeniEthSerialServer.csproj", "{CECBE1DC-F934-4D0A-AD4B-4219B3C1DADA}"
EndProject
Global
	GlobalSection(SolutionConfigurationPlatforms) = preSolution
		Debug|Any CPU = Debug|Any CPU
		Release|Any CPU = Release|Any CPU
	EndGlobalSection
	GlobalSection(ProjectConfigurationPlatforms) = postSolution
		{CECBE1DC-F934-4D0A-AD4B-4219B3C1DADA}.Debug|Any CPU.ActiveCfg = Debug|Any CPU
		{CECBE1DC-F934-4D0A-AD4B-4219B3C1DADA}.Debug|Any CPU.Build.0 = Debug|Any CPU
		{CECBE1DC-F934-4D0A-AD4B-4219B3C1DADA}.Release|Any CPU.ActiveCfg = Release|Any CPU
		{CECBE1DC-F934-4D0A-AD4B-4219B3C1DADA}.Release|Any CPU.Build.0 = Release|Any CPU
	EndGlobalSection
	GlobalSection(SolutionProperties) = preSolution
		HideSolutionNode = FALSE
	EndGlobalSection
	GlobalSection(ExtensibilityGlobals) = postSolution
		SolutionGuid = {19C2D1E0-30F8-4668-90CE-89CD2388A211}
	EndGlobalSection
EndGlobal
